
Microsoft Visual Studio Solution File, Format Version 12.00
# Visual Studio Version 17
VisualStudioVersion = 17.10.34928.147
MinimumVisualStudioVersion = 10.0.40219.1
Project("{FAE04EC0-301F-11D3-BF4B-00C04F79EFBC}") = "GPA-Calculator", "GPA-Calculator.csproj", "{FF46595E-EAA7-4BBC-9D3A-36D9C5988986}"
EndProject
Global
	GlobalSection(SolutionConfigurationPlatforms) = preSolution
		Debug|Any CPU = Debug|Any CPU
		Release|Any CPU = Release|Any CPU
	EndGlobalSection
	GlobalSection(ProjectConfigurationPlatforms) = postSolution
		{FF46595E-EAA7-4BBC-9D3A-36D9C5988986}.Debug|Any CPU.ActiveCfg = Debug|Any CPU
		{FF46595E-EAA7-4BBC-9D3A-36D9C5988986}.Debug|Any CPU.Build.0 = Debug|Any CPU
		{FF46595E-EAA7-4BBC-9D3A-36D9C5988986}.Release|Any CPU.ActiveCfg = Release|Any CPU
		{FF46595E-EAA7-4BBC-9D3A-36D9C5988986}.Release|Any CPU.Build.0 = Release|Any CPU
	EndGlobalSection
	GlobalSection(SolutionProperties) = preSolution
		HideSolutionNode = FALSE
	EndGlobalSection
	GlobalSection(ExtensibilityGlobals) = postSolution
		SolutionGuid = {E2C52746-2241-4AE7-9D82-2469903064EB}
	EndGlobalSection
EndGlobal
